
Microsoft Visual Studio Solution File, Format Version 12.00
# Visual Studio Version 17
VisualStudioVersion = 17.0.32112.339
MinimumVisualStudioVersion = 10.0.40219.1
Project("{FAE04EC0-301F-11D3-BF4B-00C04F79EFBC}") = "Address_Book", "Address_Book\Address_Book.csproj", "{08031E4D-AF40-4312-A94F-4E7D7651A36D}"
EndProject
Global
	GlobalSection(SolutionConfigurationPlatforms) = preSolution
		Debug|Any CPU = Debug|Any CPU
		Release|Any CPU = Release|Any CPU
	EndGlobalSection
	GlobalSection(ProjectConfigurationPlatforms) = postSolution
		{08031E4D-AF40-4312-A94F-4E7D7651A36D}.Debug|Any CPU.ActiveCfg = Debug|Any CPU
		{08031E4D-AF40-4312-A94F-4E7D7651A36D}.Debug|Any CPU.Build.0 = Debug|Any CPU
		{08031E4D-AF40-4312-A94F-4E7D7651A36D}.Release|Any CPU.ActiveCfg = Release|Any CPU
		{08031E4D-AF40-4312-A94F-4E7D7651A36D}.Release|Any CPU.Build.0 = Release|Any CPU
	EndGlobalSection
	GlobalSection(SolutionProperties) = preSolution
		HideSolutionNode = FALSE
	EndGlobalSection
	GlobalSection(ExtensibilityGlobals) = postSolution
		SolutionGuid = {17FE6573-3ACE-4E19-BB28-87776BD9271C}
	EndGlobalSection
EndGlobal
